Microsoft Visual Studio Solution File, Format Version 12.00
# Visual Studio Version 17
VisualStudioVersion = 17.5.2.0
MinimumVisualStudioVersion = 10.0.40219.1
Project("{FAE04EC0-301F-11D3-BF4B-00C04F79EFBC}") = "ModernSoftwareApp.Tests", "ModernSoftwareApp.Tests\ModernSoftwareApp.Tests.csproj", "{C59C3914-FA3E-DB02-6697-ADAD3F7F2518}"
EndProject
Project("{FAE04EC0-301F-11D3-BF4B-00C04F79EFBC}") = "ModernSoftwareApp", "ModernSoftwareApp\ModernSoftwareApp.csproj", "{B0D18AE4-F2D5-B6ED-D3FB-809372B51F57}"
EndProject
Global
	GlobalSection(SolutionConfigurationPlatforms) = preSolution
		Debug|Any CPU = Debug|Any CPU
		Release|Any CPU = Release|Any CPU
	EndGlobalSection
	GlobalSection(ProjectConfigurationPlatforms) = postSolution
		{C59C3914-FA3E-DB02-6697-ADAD3F7F2518}.Debug|Any CPU.ActiveCfg = Debug|Any CPU
		{C59C3914-FA3E-DB02-6697-ADAD3F7F2518}.Debug|Any CPU.Build.0 = Debug|Any CPU
		{C59C3914-FA3E-DB02-6697-ADAD3F7F2518}.Release|Any CPU.ActiveCfg = Release|Any CPU
		{C59C3914-FA3E-DB02-6697-ADAD3F7F2518}.Release|Any CPU.Build.0 = Release|Any CPU
		{B0D18AE4-F2D5-B6ED-D3FB-809372B51F57}.Debug|Any CPU.ActiveCfg = Debug|Any CPU
		{B0D18AE4-F2D5-B6ED-D3FB-809372B51F57}.Debug|Any CPU.Build.0 = Debug|Any CPU
		{B0D18AE4-F2D5-B6ED-D3FB-809372B51F57}.Release|Any CPU.ActiveCfg = Release|Any CPU
		{B0D18AE4-F2D5-B6ED-D3FB-809372B51F57}.Release|Any CPU.Build.0 = Release|Any CPU
	EndGlobalSection
	GlobalSection(SolutionProperties) = preSolution
		HideSolutionNode = FALSE
	EndGlobalSection
	GlobalSection(ExtensibilityGlobals) = postSolution
		SolutionGuid = {8123F331-EB02-4655-B50C-178F5DEDF1B6}
	EndGlobalSection
EndGlobal
